
Microsoft Visual Studio Solution File, Format Version 12.00
# Visual Studio Version 17
VisualStudioVersion = 17.7.34221.43
MinimumVisualStudioVersion = 10.0.40219.1
Project("{2150E333-8FDC-42A3-9474-1A3956D46DE8}") = "Application", "Application", "{4306CC61-F93E-4C0D-94F9-9FB5014A3B04}"
EndProject
Project("{2150E333-8FDC-42A3-9474-1A3956D46DE8}") = "Domain", "Domain", "{1E29FE83-19B2-478B-A218-65A0788E11A4}"
EndProject
Project("{2150E333-8FDC-42A3-9474-1A3956D46DE8}") = "Infra.Data", "Infra.Data", "{2C011F36-C84C-4550-9880-93D4BB4AB3FF}"
EndProject
Project("{2150E333-8FDC-42A3-9474-1A3956D46DE8}") = "Infra.IoC", "Infra.IoC", "{71101017-799F-49FF-8569-D5E4AAE7A944}"
EndProject
Project("{2150E333-8FDC-42A3-9474-1A3956D46DE8}") = "Presentation", "Presentation", "{E13137D9-5E71-4C8D-BBBE-1C7C05E4368B}"
EndProject
Project("{FAE04EC0-301F-11D3-BF4B-00C04F79EFBC}") = "Shop.Application", "Shop.Application\Shop.Application.csproj", "{64B631CC-E6C8-48CD-9287-FCC322CCC6C8}"
EndProject
Project("{FAE04EC0-301F-11D3-BF4B-00C04F79EFBC}") = "Shop.Domain", "Shop.Domain\Shop.Domain.csproj", "{C7FC2947-0A0B-4C32-813B-C830F2379889}"
EndProject
Project("{FAE04EC0-301F-11D3-BF4B-00C04F79EFBC}") = "Shop.Infra.Data", "Shop.Infra.Data\Shop.Infra.Data.csproj", "{703FC0AB-6121-40AA-876D-4154E1C614DB}"
EndProject
Project("{FAE04EC0-301F-11D3-BF4B-00C04F79EFBC}") = "Shop.Infra.IoC", "Shop.Infra.IoC\Shop.Infra.IoC.csproj", "{47EF2A67-34B9-486F-8E15-79526F7264EE}"
EndProject
Project("{FAE04EC0-301F-11D3-BF4B-00C04F79EFBC}") = "Shop.Web", "Shop.Web\Shop.Web.csproj", "{4681D812-99BA-4007-BA3E-6818EBA6E691}"
EndProject
Global
	GlobalSection(SolutionConfigurationPlatforms) = preSolution
		Debug|Any CPU = Debug|Any CPU
		Release|Any CPU = Release|Any CPU
	EndGlobalSection
	GlobalSection(ProjectConfigurationPlatforms) = postSolution
		{64B631CC-E6C8-48CD-9287-FCC322CCC6C8}.Debug|Any CPU.ActiveCfg = Debug|Any CPU
		{64B631CC-E6C8-48CD-9287-FCC322CCC6C8}.Debug|Any CPU.Build.0 = Debug|Any CPU
		{64B631CC-E6C8-48CD-9287-FCC322CCC6C8}.Release|Any CPU.ActiveCfg = Release|Any CPU
		{64B631CC-E6C8-48CD-9287-FCC322CCC6C8}.Release|Any CPU.Build.0 = Release|Any CPU
		{C7FC2947-0A0B-4C32-813B-C830F2379889}.Debug|Any CPU.ActiveCfg = Debug|Any CPU
		{C7FC2947-0A0B-4C32-813B-C830F2379889}.Debug|Any CPU.Build.0 = Debug|Any CPU
		{C7FC2947-0A0B-4C32-813B-C830F2379889}.Release|Any CPU.ActiveCfg = Release|Any CPU
		{C7FC2947-0A0B-4C32-813B-C830F2379889}.Release|Any CPU.Build.0 = Release|Any CPU
		{703FC0AB-6121-40AA-876D-4154E1C614DB}.Debug|Any CPU.ActiveCfg = Debug|Any CPU
		{703FC0AB-6121-40AA-876D-4154E1C614DB}.Debug|Any CPU.Build.0 = Debug|Any CPU
		{703FC0AB-6121-40AA-876D-4154E1C614DB}.Release|Any CPU.ActiveCfg = Release|Any CPU
		{703FC0AB-6121-40AA-876D-4154E1C614DB}.Release|Any CPU.Build.0 = Release|Any CPU
		{47EF2A67-34B9-486F-8E15-79526F7264EE}.Debug|Any CPU.ActiveCfg = Debug|Any CPU
		{47EF2A67-34B9-486F-8E15-79526F7264EE}.Debug|Any CPU.Build.0 = Debug|Any CPU
		{47EF2A67-34B9-486F-8E15-79526F7264EE}.Release|Any CPU.ActiveCfg = Release|Any CPU
		{47EF2A67-34B9-486F-8E15-79526F7264EE}.Release|Any CPU.Build.0 = Release|Any CPU
		{4681D812-99BA-4007-BA3E-6818EBA6E691}.Debug|Any CPU.ActiveCfg = Debug|Any CPU
		{4681D812-99BA-4007-BA3E-6818EBA6E691}.Debug|Any CPU.Build.0 = Debug|Any CPU
		{4681D812-99BA-4007-BA3E-6818EBA6E691}.Release|Any CPU.ActiveCfg = Release|Any CPU
		{4681D812-99BA-4007-BA3E-6818EBA6E691}.Release|Any CPU.Build.0 = Release|Any CPU
	EndGlobalSection
	GlobalSection(SolutionProperties) = preSolution
		HideSolutionNode = FALSE
	EndGlobalSection
	GlobalSection(NestedProjects) = preSolution
		{64B631CC-E6C8-48CD-9287-FCC322CCC6C8} = {4306CC61-F93E-4C0D-94F9-9FB5014A3B04}
		{C7FC2947-0A0B-4C32-813B-C830F2379889} = {1E29FE83-19B2-478B-A218-65A0788E11A4}
		{703FC0AB-6121-40AA-876D-4154E1C614DB} = {2C011F36-C84C-4550-9880-93D4BB4AB3FF}
		{47EF2A67-34B9-486F-8E15-79526F7264EE} = {71101017-799F-49FF-8569-D5E4AAE7A944}
		{4681D812-99BA-4007-BA3E-6818EBA6E691} = {E13137D9-5E71-4C8D-BBBE-1C7C05E4368B}
	EndGlobalSection
	GlobalSection(ExtensibilityGlobals) = postSolution
		SolutionGuid = {D903C515-02ED-4530-83A0-873DF4C3F07C}
	EndGlobalSection
EndGlobal
